
Microsoft Visual Studio Solution File, Format Version 12.00
# Visual Studio Version 17
VisualStudioVersion = 17.5.33424.131
MinimumVisualStudioVersion = 10.0.40219.1
Project("{FAE04EC0-301F-11D3-BF4B-00C04F79EFBC}") = "TodoSPA", "TodoSPA\TodoSPA.csproj", "{C177F6EE-E7DB-4FA3-96A2-72CB04A98F68}"
EndProject
Project("{2150E333-8FDC-42A3-9474-1A3956D46DE8}") = ".nuget", ".nuget", "{AD3EF77E-975E-43AC-B75B-FC09FA300C59}"
	ProjectSection(SolutionItems) = preProject
		.nuget\NuGet.Config = .nuget\NuGet.Config
		.nuget\NuGet.exe = .nuget\NuGet.exe
		.nuget\NuGet.targets = .nuget\NuGet.targets
	EndProjectSection
EndProject
Project("{FAE04EC0-301F-11D3-BF4B-00C04F79EFBC}") = "TodoSPA48", "TodoSPA48\TodoSPA48.csproj", "{D8E5728A-A781-40EA-AEB4-1D3927CB8D23}"
EndProject
Project("{FAE04EC0-301F-11D3-BF4B-00C04F79EFBC}") = "TodoList.API", "TodoList.API\TodoList.API.csproj", "{A8FAA072-42CD-4F29-AF38-A7B5DD59D9BA}"
EndProject
Project("{FAE04EC0-301F-11D3-BF4B-00C04F79EFBC}") = "Microsoft.Owin.Security.Google", "C:\Users\ADMIN\Downloads\new dll decom\Microsoft.Owin.Security.Google\Microsoft.Owin.Security.Google.csproj", "{F25879A6-7FC3-43A1-A3F7-CD7604F0A3F4}"
EndProject
Project("{FAE04EC0-301F-11D3-BF4B-00C04F79EFBC}") = "Microsoft.Owin.Security.OAuth", "C:\Users\ADMIN\Downloads\new dll decom\Microsoft.Owin.Security.OAuth\Microsoft.Owin.Security.OAuth.csproj", "{890397EB-A745-4729-847F-171A9F04B3B1}"
EndProject
Project("{FAE04EC0-301F-11D3-BF4B-00C04F79EFBC}") = "Microsoft.AspNet.Identity.Owin", "C:\Users\ADMIN\Downloads\new dll decom\Microsoft.AspNet.Identity.Owin\Microsoft.AspNet.Identity.Owin.csproj", "{79AF8543-148C-4FD7-BBBB-BCCFF296DD62}"
EndProject
Project("{FAE04EC0-301F-11D3-BF4B-00C04F79EFBC}") = "Microsoft.AspNet.Identity.Core", "C:\Users\ADMIN\Downloads\new dll decom\Microsoft.AspNet.Identity.Core\Microsoft.AspNet.Identity.Core.csproj", "{8A8C020D-C536-426D-B2AD-57EC2F167CF5}"
EndProject
Project("{FAE04EC0-301F-11D3-BF4B-00C04F79EFBC}") = "Microsoft.AspNet.Identity.EntityFramework", "C:\Users\ADMIN\Downloads\new dll decom\Microsoft.AspNet.Identity.EntityFramework\Microsoft.AspNet.Identity.EntityFramework.csproj", "{75A90A8E-5990-449F-A43B-5A92D475F359}"
EndProject
Global
	GlobalSection(SolutionConfigurationPlatforms) = preSolution
		Debug|Any CPU = Debug|Any CPU
		Release|Any CPU = Release|Any CPU
	EndGlobalSection
	GlobalSection(ProjectConfigurationPlatforms) = postSolution
		{C177F6EE-E7DB-4FA3-96A2-72CB04A98F68}.Debug|Any CPU.ActiveCfg = Debug|Any CPU
		{C177F6EE-E7DB-4FA3-96A2-72CB04A98F68}.Debug|Any CPU.Build.0 = Debug|Any CPU
		{C177F6EE-E7DB-4FA3-96A2-72CB04A98F68}.Release|Any CPU.ActiveCfg = Release|Any CPU
		{C177F6EE-E7DB-4FA3-96A2-72CB04A98F68}.Release|Any CPU.Build.0 = Release|Any CPU
		{D8E5728A-A781-40EA-AEB4-1D3927CB8D23}.Debug|Any CPU.ActiveCfg = Debug|Any CPU
		{D8E5728A-A781-40EA-AEB4-1D3927CB8D23}.Debug|Any CPU.Build.0 = Debug|Any CPU
		{D8E5728A-A781-40EA-AEB4-1D3927CB8D23}.Release|Any CPU.ActiveCfg = Release|Any CPU
		{D8E5728A-A781-40EA-AEB4-1D3927CB8D23}.Release|Any CPU.Build.0 = Release|Any CPU
		{A8FAA072-42CD-4F29-AF38-A7B5DD59D9BA}.Debug|Any CPU.ActiveCfg = Debug|Any CPU
		{A8FAA072-42CD-4F29-AF38-A7B5DD59D9BA}.Debug|Any CPU.Build.0 = Debug|Any CPU
		{A8FAA072-42CD-4F29-AF38-A7B5DD59D9BA}.Release|Any CPU.ActiveCfg = Release|Any CPU
		{A8FAA072-42CD-4F29-AF38-A7B5DD59D9BA}.Release|Any CPU.Build.0 = Release|Any CPU
		{F25879A6-7FC3-43A1-A3F7-CD7604F0A3F4}.Debug|Any CPU.ActiveCfg = Debug|Any CPU
		{F25879A6-7FC3-43A1-A3F7-CD7604F0A3F4}.Debug|Any CPU.Build.0 = Debug|Any CPU
		{F25879A6-7FC3-43A1-A3F7-CD7604F0A3F4}.Release|Any CPU.ActiveCfg = Release|Any CPU
		{F25879A6-7FC3-43A1-A3F7-CD7604F0A3F4}.Release|Any CPU.Build.0 = Release|Any CPU
		{890397EB-A745-4729-847F-171A9F04B3B1}.Debug|Any CPU.ActiveCfg = Debug|Any CPU
		{890397EB-A745-4729-847F-171A9F04B3B1}.Debug|Any CPU.Build.0 = Debug|Any CPU
		{890397EB-A745-4729-847F-171A9F04B3B1}.Release|Any CPU.ActiveCfg = Release|Any CPU
		{890397EB-A745-4729-847F-171A9F04B3B1}.Release|Any CPU.Build.0 = Release|Any CPU
		{79AF8543-148C-4FD7-BBBB-BCCFF296DD62}.Debug|Any CPU.ActiveCfg = Debug|Any CPU
		{79AF8543-148C-4FD7-BBBB-BCCFF296DD62}.Debug|Any CPU.Build.0 = Debug|Any CPU
		{79AF8543-148C-4FD7-BBBB-BCCFF296DD62}.Release|Any CPU.ActiveCfg = Release|Any CPU
		{79AF8543-148C-4FD7-BBBB-BCCFF296DD62}.Release|Any CPU.Build.0 = Release|Any CPU
		{8A8C020D-C536-426D-B2AD-57EC2F167CF5}.Debug|Any CPU.ActiveCfg = Debug|Any CPU
		{8A8C020D-C536-426D-B2AD-57EC2F167CF5}.Debug|Any CPU.Build.0 = Debug|Any CPU
		{8A8C020D-C536-426D-B2AD-57EC2F167CF5}.Release|Any CPU.ActiveCfg = Release|Any CPU
		{8A8C020D-C536-426D-B2AD-57EC2F167CF5}.Release|Any CPU.Build.0 = Release|Any CPU
		{75A90A8E-5990-449F-A43B-5A92D475F359}.Debug|Any CPU.ActiveCfg = Debug|Any CPU
		{75A90A8E-5990-449F-A43B-5A92D475F359}.Debug|Any CPU.Build.0 = Debug|Any CPU
		{75A90A8E-5990-449F-A43B-5A92D475F359}.Release|Any CPU.ActiveCfg = Release|Any CPU
		{75A90A8E-5990-449F-A43B-5A92D475F359}.Release|Any CPU.Build.0 = Release|Any CPU
	EndGlobalSection
	GlobalSection(SolutionProperties) = preSolution
		HideSolutionNode = FALSE
	EndGlobalSection
	GlobalSection(ExtensibilityGlobals) = postSolution
		SolutionGuid = {21572FE2-CA31-493E-BA5C-9570A7CA4BF9}
	EndGlobalSection
EndGlobal
